{
  "version": 4,
  "terraform_version": "1.4.2",
  "serial": 1,
  "lineage": "12f96fe4-1e75-ec43-2753-39b23e2e6c61",
  "outputs": {},
  "resources": [
    {
      "mode": "managed",
      "type": "local_file",
      "name": "food",
      "provider": "provider[\"registry.terraform.io/hashicorp/local\"]",
      "instances": [
        {
          "schema_version": 0,
          "attributes": {
            "content": "chai coffee\n",
            "content_base64": null,
            "content_base64sha256": "ipuhrtlKnPc1ssUryJYm0XAJBean8XMkjJZpRAwH5jI=",
            "content_base64sha512": "0Db3KZCO1bMx7vnNxorzI/bb5DoLjcVju9+DpFLd1eW1ijU3k/5JJUt/l1wID8Md5UUe9wL//e6Mz7mEA8ElAw==",
            "content_md5": "13ee2547f8e1eb73627e6b3effd5ac2c",
            "content_sha1": "5aee05fce48555666880d3d191923eff8e7321e0",
            "content_sha256": "8a9ba1aed94a9cf735b2c52bc89626d1700905e6a7f173248c9669440c07e632",
            "content_sha512": "d036f729908ed5b331eef9cdc68af323f6dbe43a0b8dc563bbdf83a452ddd5e5b58a353793fe49254b7f975c080fc31de5451ef702fffdee8ccfb98403c12503",
            "directory_permission": "0777",
            "file_permission": "0777",
            "filename": "test_basic/food.txt",
            "id": "5aee05fce48555666880d3d191923eff8e7321e0",
            "sensitive_content": null,
            "source": null
          },
          "sensitive_attributes": []
        }
      ]
    }
  ],
  "check_results": null
}
